// !$*UTF8*$!
{
	archiveVersion = 1;
	classes = {
	};
	objectVersion = 46;
	objects = {

/* Begin PBXBuildFile section */
		C106895913028DE4007B611D /* main.cpp in Sources */ = {isa = PBXBuildFile; fileRef = C106895813028DE4007B611D /* main.cpp */; };
		C10689A11302984D007B611D /* flip3D.cpp in Sources */ = {isa = PBXBuildFile; fileRef = C10689A01302984D007B611D /* flip3D.cpp */; };
		C1068AE01302B80E007B611D /* solver.cpp in Sources */ = {isa = PBXBuildFile; fileRef = C1068ADF1302B80E007B611D /* solver.cpp */; };
		C1068AE91302B8DF007B611D /* utility.cpp in Sources */ = {isa = PBXBuildFile; fileRef = C1068AE81302B8DF007B611D /* utility.cpp */; };
		C1068D731302E25E007B611D /* write_bmp.cpp in Sources */ = {isa = PBXBuildFile; fileRef = C1068D711302E25E007B611D /* write_bmp.cpp */; };
		C11AD64D1307D288000C099B /* OpenGL.framework in Frameworks */ = {isa = PBXBuildFile; fileRef = C11AD64B1307D288000C099B /* OpenGL.framework */; };
		C11AD64E1307D288000C099B /* GLUT.framework in Frameworks */ = {isa = PBXBuildFile; fileRef = C11AD64C1307D288000C099B /* GLUT.framework */; };
		C13D9B3213216DB000733ADD /* sorter.cpp in Sources */ = {isa = PBXBuildFile; fileRef = C13D9B3113216DB000733ADD /* sorter.cpp */; };
		C13D9B53132172AD00733ADD /* mapper.cpp in Sources */ = {isa = PBXBuildFile; fileRef = C13D9B52132172AD00733ADD /* mapper.cpp */; };
		C13D9D901321952100733ADD /* corrector.cpp in Sources */ = {isa = PBXBuildFile; fileRef = C13D9D8F1321952100733ADD /* corrector.cpp */; };
		C13DADF61322C08400733ADD /* BinVoxReader.cpp in Sources */ = {isa = PBXBuildFile; fileRef = C13DADEE1322C08400733ADD /* BinVoxReader.cpp */; };
		C13DADF71322C08400733ADD /* CIsoSurface.cpp in Sources */ = {isa = PBXBuildFile; fileRef = C13DADF01322C08400733ADD /* CIsoSurface.cpp */; };
		C13DADF91322C08400733ADD /* Vectors.cpp in Sources */ = {isa = PBXBuildFile; fileRef = C13DADF41322C08400733ADD /* Vectors.cpp */; };
		C13DAE151322C0DB00733ADD /* exporter.cpp in Sources */ = {isa = PBXBuildFile; fileRef = C13DAE131322C0DB00733ADD /* exporter.cpp */; };
		C13DAE2A1322C35C00733ADD /* mesher.cpp in Sources */ = {isa = PBXBuildFile; fileRef = C13DAE291322C35C00733ADD /* mesher.cpp */; };
		C15B92D513394F7000814F65 /* Makefile in Sources */ = {isa = PBXBuildFile; fileRef = C15B92D413394F7000814F65 /* Makefile */; };
		C1F774791333AE1D00949781 /* implicit.cpp in Sources */ = {isa = PBXBuildFile; fileRef = C1F774771333AE1D00949781 /* implicit.cpp */; };
		C1FB19FA1358C27A0081D9B5 /* kernel.cpp in Sources */ = {isa = PBXBuildFile; fileRef = C1FB19F81358C27A0081D9B5 /* kernel.cpp */; };
/* End PBXBuildFile section */

/* Begin PBXCopyFilesBuildPhase section */
		8DD76FAF0486AB0100D96B5E /* CopyFiles */ = {
			isa = PBXCopyFilesBuildPhase;
			buildActionMask = 8;
			dstPath = /usr/share/man/man1/;
			dstSubfolderSpec = 0;
			files = (
			);
			runOnlyForDeploymentPostprocessing = 1;
		};
/* End PBXCopyFilesBuildPhase section */

/* Begin PBXFileReference section */
		8DD76FB20486AB0100D96B5E /* flip3d */ = {isa = PBXFileReference; explicitFileType = "compiled.mach-o.executable"; includeInIndex = 0; path = flip3d; sourceTree = BUILT_PRODUCTS_DIR; };
		C106895813028DE4007B611D /* main.cpp */ = {isa = PBXFileReference; fileEncoding = 4; lastKnownFileType = sourcecode.cpp.cpp; name = main.cpp; path = src/main.cpp; sourceTree = "<group>"; };
		C106899F1302984D007B611D /* flip3D.h */ = {isa = PBXFileReference; fileEncoding = 4; lastKnownFileType = sourcecode.c.h; name = flip3D.h; path = src/flip3D.h; sourceTree = "<group>"; };
		C10689A01302984D007B611D /* flip3D.cpp */ = {isa = PBXFileReference; fileEncoding = 4; lastKnownFileType = sourcecode.cpp.cpp; name = flip3D.cpp; path = src/flip3D.cpp; sourceTree = "<group>"; };
		C1068ADE1302B80E007B611D /* solver.h */ = {isa = PBXFileReference; fileEncoding = 4; lastKnownFileType = sourcecode.c.h; name = solver.h; path = src/solver.h; sourceTree = "<group>"; };
		C1068ADF1302B80E007B611D /* solver.cpp */ = {isa = PBXFileReference; fileEncoding = 4; lastKnownFileType = sourcecode.cpp.cpp; name = solver.cpp; path = src/solver.cpp; sourceTree = "<group>"; };
		C1068AE71302B8DF007B611D /* utility.h */ = {isa = PBXFileReference; fileEncoding = 4; lastKnownFileType = sourcecode.c.h; name = utility.h; path = src/utility.h; sourceTree = "<group>"; };
		C1068AE81302B8DF007B611D /* utility.cpp */ = {isa = PBXFileReference; fileEncoding = 4; lastKnownFileType = sourcecode.cpp.cpp; name = utility.cpp; path = src/utility.cpp; sourceTree = "<group>"; };
		C1068BD11302C405007B611D /* common.h */ = {isa = PBXFileReference; fileEncoding = 4; lastKnownFileType = sourcecode.c.h; name = common.h; path = src/common.h; sourceTree = "<group>"; };
		C1068D711302E25E007B611D /* write_bmp.cpp */ = {isa = PBXFileReference; fileEncoding = 4; lastKnownFileType = sourcecode.cpp.cpp; name = write_bmp.cpp; path = src/write_bmp.cpp; sourceTree = "<group>"; };
		C1068D721302E25E007B611D /* write_bmp.h */ = {isa = PBXFileReference; fileEncoding = 4; lastKnownFileType = sourcecode.c.h; name = write_bmp.h; path = src/write_bmp.h; sourceTree = "<group>"; };
		C11AD64B1307D288000C099B /* OpenGL.framework */ = {isa = PBXFileReference; lastKnownFileType = wrapper.framework; name = OpenGL.framework; path = System/Library/Frameworks/OpenGL.framework; sourceTree = SDKROOT; };
		C11AD64C1307D288000C099B /* GLUT.framework */ = {isa = PBXFileReference; lastKnownFileType = wrapper.framework; name = GLUT.framework; path = System/Library/Frameworks/GLUT.framework; sourceTree = SDKROOT; };
		C13D9B3013216DB000733ADD /* sorter.h */ = {isa = PBXFileReference; fileEncoding = 4; lastKnownFileType = sourcecode.c.h; name = sorter.h; path = src/sorter.h; sourceTree = "<group>"; };
		C13D9B3113216DB000733ADD /* sorter.cpp */ = {isa = PBXFileReference; fileEncoding = 4; lastKnownFileType = sourcecode.cpp.cpp; name = sorter.cpp; path = src/sorter.cpp; sourceTree = "<group>"; };
		C13D9B51132172AD00733ADD /* mapper.h */ = {isa = PBXFileReference; fileEncoding = 4; lastKnownFileType = sourcecode.c.h; name = mapper.h; path = src/mapper.h; sourceTree = "<group>"; };
		C13D9B52132172AD00733ADD /* mapper.cpp */ = {isa = PBXFileReference; fileEncoding = 4; lastKnownFileType = sourcecode.cpp.cpp; name = mapper.cpp; path = src/mapper.cpp; sourceTree = "<group>"; };
		C13D9D8E1321952100733ADD /* corrector.h */ = {isa = PBXFileReference; fileEncoding = 4; lastKnownFileType = sourcecode.c.h; name = corrector.h; path = src/corrector.h; sourceTree = "<group>"; };
		C13D9D8F1321952100733ADD /* corrector.cpp */ = {isa = PBXFileReference; fileEncoding = 4; lastKnownFileType = sourcecode.cpp.cpp; name = corrector.cpp; path = src/corrector.cpp; sourceTree = "<group>"; };
		C13DADEE1322C08400733ADD /* BinVoxReader.cpp */ = {isa = PBXFileReference; fileEncoding = 4; lastKnownFileType = sourcecode.cpp.cpp; path = BinVoxReader.cpp; sourceTree = "<group>"; };
		C13DADEF1322C08400733ADD /* BinVoxReader.h */ = {isa = PBXFileReference; fileEncoding = 4; lastKnownFileType = sourcecode.c.h; path = BinVoxReader.h; sourceTree = "<group>"; };
		C13DADF01322C08400733ADD /* CIsoSurface.cpp */ = {isa = PBXFileReference; fileEncoding = 4; lastKnownFileType = sourcecode.cpp.cpp; path = CIsoSurface.cpp; sourceTree = "<group>"; };
		C13DADF11322C08400733ADD /* CIsoSurface.h */ = {isa = PBXFileReference; fileEncoding = 4; lastKnownFileType = sourcecode.c.h; path = CIsoSurface.h; sourceTree = "<group>"; };
		C13DADF41322C08400733ADD /* Vectors.cpp */ = {isa = PBXFileReference; fileEncoding = 4; lastKnownFileType = sourcecode.cpp.cpp; path = Vectors.cpp; sourceTree = "<group>"; };
		C13DADF51322C08400733ADD /* Vectors.h */ = {isa = PBXFileReference; fileEncoding = 4; lastKnownFileType = sourcecode.c.h; path = Vectors.h; sourceTree = "<group>"; };
		C13DAE131322C0DB00733ADD /* exporter.cpp */ = {isa = PBXFileReference; fileEncoding = 4; lastKnownFileType = sourcecode.cpp.cpp; name = exporter.cpp; path = src/exporter.cpp; sourceTree = "<group>"; };
		C13DAE141322C0DB00733ADD /* exporter.h */ = {isa = PBXFileReference; fileEncoding = 4; lastKnownFileType = sourcecode.c.h; name = exporter.h; path = src/exporter.h; sourceTree = "<group>"; };
		C13DAE281322C35C00733ADD /* mesher.h */ = {isa = PBXFileReference; fileEncoding = 4; lastKnownFileType = sourcecode.c.h; name = mesher.h; path = src/mesher.h; sourceTree = "<group>"; };
		C13DAE291322C35C00733ADD /* mesher.cpp */ = {isa = PBXFileReference; fileEncoding = 4; lastKnownFileType = sourcecode.cpp.cpp; name = mesher.cpp; path = src/mesher.cpp; sourceTree = "<group>"; };
		C15B92D413394F7000814F65 /* Makefile */ = {isa = PBXFileReference; fileEncoding = 4; lastKnownFileType = sourcecode.make; path = Makefile; sourceTree = "<group>"; };
		C1F774771333AE1D00949781 /* implicit.cpp */ = {isa = PBXFileReference; fileEncoding = 4; lastKnownFileType = sourcecode.cpp.cpp; name = implicit.cpp; path = src/implicit.cpp; sourceTree = "<group>"; };
		C1F774781333AE1D00949781 /* implicit.h */ = {isa = PBXFileReference; fileEncoding = 4; lastKnownFileType = sourcecode.c.h; name = implicit.h; path = src/implicit.h; sourceTree = "<group>"; };
		C1FB19F81358C27A0081D9B5 /* kernel.cpp */ = {isa = PBXFileReference; fileEncoding = 4; lastKnownFileType = sourcecode.cpp.cpp; name = kernel.cpp; path = src/kernel.cpp; sourceTree = "<group>"; };
		C1FB19F91358C27A0081D9B5 /* kernel.h */ = {isa = PBXFileReference; fileEncoding = 4; lastKnownFileType = sourcecode.c.h; name = kernel.h; path = src/kernel.h; sourceTree = "<group>"; };
/* End PBXFileReference section */

/* Begin PBXFrameworksBuildPhase section */
		8DD76FAD0486AB0100D96B5E /* Frameworks */ = {
			isa = PBXFrameworksBuildPhase;
			buildActionMask = 2147483647;
			files = (
				C11AD64D1307D288000C099B /* OpenGL.framework in Frameworks */,
				C11AD64E1307D288000C099B /* GLUT.framework in Frameworks */,
			);
			runOnlyForDeploymentPostprocessing = 0;
		};
/* End PBXFrameworksBuildPhase section */

/* Begin PBXGroup section */
		08FB7794FE84155DC02AAC07 /* smoke3D */ = {
			isa = PBXGroup;
			children = (
				08FB7795FE84155DC02AAC07 /* src */,
				1AB674ADFE9D54B511CA2CBB /* Products */,
				C11AD64B1307D288000C099B /* OpenGL.framework */,
				C11AD64C1307D288000C099B /* GLUT.framework */,
			);
			name = smoke3D;
			sourceTree = "<group>";
		};
		08FB7795FE84155DC02AAC07 /* src */ = {
			isa = PBXGroup;
			children = (
				C1068BD11302C405007B611D /* common.h */,
				C106899F1302984D007B611D /* flip3D.h */,
				C10689A01302984D007B611D /* flip3D.cpp */,
				C106895813028DE4007B611D /* main.cpp */,
				C13D9B3013216DB000733ADD /* sorter.h */,
				C13D9B3113216DB000733ADD /* sorter.cpp */,
				C1068ADE1302B80E007B611D /* solver.h */,
				C1068ADF1302B80E007B611D /* solver.cpp */,
				C13D9B51132172AD00733ADD /* mapper.h */,
				C13D9B52132172AD00733ADD /* mapper.cpp */,
				C13D9D8E1321952100733ADD /* corrector.h */,
				C13D9D8F1321952100733ADD /* corrector.cpp */,
				C1068D721302E25E007B611D /* write_bmp.h */,
				C1068D711302E25E007B611D /* write_bmp.cpp */,
				C1068AE71302B8DF007B611D /* utility.h */,
				C1068AE81302B8DF007B611D /* utility.cpp */,
				C13DAE281322C35C00733ADD /* mesher.h */,
				C13DAE291322C35C00733ADD /* mesher.cpp */,
				C1F774781333AE1D00949781 /* implicit.h */,
				C1F774771333AE1D00949781 /* implicit.cpp */,
				C1FB19F91358C27A0081D9B5 /* kernel.h */,
				C1FB19F81358C27A0081D9B5 /* kernel.cpp */,
				C13DAE141322C0DB00733ADD /* exporter.h */,
				C13DAE131322C0DB00733ADD /* exporter.cpp */,
				C13DADED1322C08400733ADD /* rchandra */,
				C1C4A09813321EF8002E015D /* scripts */,
			);
			name = src;
			sourceTree = "<group>";
		};
		1AB674ADFE9D54B511CA2CBB /* Products */ = {
			isa = PBXGroup;
			children = (
				8DD76FB20486AB0100D96B5E /* flip3d */,
			);
			name = Products;
			sourceTree = "<group>";
		};
		C13DADED1322C08400733ADD /* rchandra */ = {
			isa = PBXGroup;
			children = (
				C13DADEF1322C08400733ADD /* BinVoxReader.h */,
				C13DADEE1322C08400733ADD /* BinVoxReader.cpp */,
				C13DADF11322C08400733ADD /* CIsoSurface.h */,
				C13DADF01322C08400733ADD /* CIsoSurface.cpp */,
				C13DADF51322C08400733ADD /* Vectors.h */,
				C13DADF41322C08400733ADD /* Vectors.cpp */,
			);
			name = rchandra;
			path = src/rchandra;
			sourceTree = "<group>";
		};
		C1C4A09813321EF8002E015D /* scripts */ = {
			isa = PBXGroup;
			children = (
				C15B92D413394F7000814F65 /* Makefile */,
			);
			name = scripts;
			sourceTree = "<group>";
		};
/* End PBXGroup section */

/* Begin PBXNativeTarget section */
		8DD76FA90486AB0100D96B5E /* flip3d */ = {
			isa = PBXNativeTarget;
			buildConfigurationList = 1DEB928508733DD80010E9CD /* Build configuration list for PBXNativeTarget "flip3d" */;
			buildPhases = (
				8DD76FAB0486AB0100D96B5E /* Sources */,
				8DD76FAD0486AB0100D96B5E /* Frameworks */,
				8DD76FAF0486AB0100D96B5E /* CopyFiles */,
			);
			buildRules = (
			);
			dependencies = (
			);
			name = flip3d;
			productInstallPath = "$(HOME)/bin";
			productName = smoke3D;
			productReference = 8DD76FB20486AB0100D96B5E /* flip3d */;
			productType = "com.apple.product-type.tool";
		};
/* End PBXNativeTarget section */

/* Begin PBXProject section */
		08FB7793FE84155DC02AAC07 /* Project object */ = {
			isa = PBXProject;
			attributes = {
				LastUpgradeCheck = 0410;
			};
			buildConfigurationList = 1DEB928908733DD80010E9CD /* Build configuration list for PBXProject "flip3d" */;
			compatibilityVersion = "Xcode 3.2";
			developmentRegion = English;
			hasScannedForEncodings = 1;
			knownRegions = (
				English,
				Japanese,
				French,
				German,
			);
			mainGroup = 08FB7794FE84155DC02AAC07 /* smoke3D */;
			projectDirPath = "";
			projectRoot = "";
			targets = (
				8DD76FA90486AB0100D96B5E /* flip3d */,
			);
		};
/* End PBXProject section */

/* Begin PBXSourcesBuildPhase section */
		8DD76FAB0486AB0100D96B5E /* Sources */ = {
			isa = PBXSourcesBuildPhase;
			buildActionMask = 2147483647;
			files = (
				C106895913028DE4007B611D /* main.cpp in Sources */,
				C10689A11302984D007B611D /* flip3D.cpp in Sources */,
				C1068AE01302B80E007B611D /* solver.cpp in Sources */,
				C1068AE91302B8DF007B611D /* utility.cpp in Sources */,
				C1068D731302E25E007B611D /* write_bmp.cpp in Sources */,
				C13D9B3213216DB000733ADD /* sorter.cpp in Sources */,
				C13D9B53132172AD00733ADD /* mapper.cpp in Sources */,
				C13D9D901321952100733ADD /* corrector.cpp in Sources */,
				C13DADF61322C08400733ADD /* BinVoxReader.cpp in Sources */,
				C13DADF71322C08400733ADD /* CIsoSurface.cpp in Sources */,
				C13DADF91322C08400733ADD /* Vectors.cpp in Sources */,
				C13DAE151322C0DB00733ADD /* exporter.cpp in Sources */,
				C13DAE2A1322C35C00733ADD /* mesher.cpp in Sources */,
				C1F774791333AE1D00949781 /* implicit.cpp in Sources */,
				C15B92D513394F7000814F65 /* Makefile in Sources */,
				C1FB19FA1358C27A0081D9B5 /* kernel.cpp in Sources */,
			);
			runOnlyForDeploymentPostprocessing = 0;
		};
/* End PBXSourcesBuildPhase section */

/* Begin XCBuildConfiguration section */
		1DEB928608733DD80010E9CD /* Debug */ = {
			isa = XCBuildConfiguration;
			buildSettings = {
				ALWAYS_SEARCH_USER_PATHS = NO;
				COPY_PHASE_STRIP = NO;
				ENABLE_OPENMP_SUPPORT = YES;
				GCC_DYNAMIC_NO_PIC = NO;
				GCC_MODEL_TUNING = G5;
				GCC_OPTIMIZATION_LEVEL = 0;
				HEADER_SEARCH_PATHS = /opt/local/include;
				INSTALL_PATH = /usr/local/bin;
				LIBRARY_SEARCH_PATHS = /opt/local/lib;
				OTHER_LDFLAGS = (
					"-lgsl",
					"-lgslcblas",
					"-lz",
				);
				PRODUCT_NAME = flip3d;
				VALID_ARCHS = x86_64;
			};
			name = Debug;
		};
		1DEB928708733DD80010E9CD /* Release */ = {
			isa = XCBuildConfiguration;
			buildSettings = {
				ALWAYS_SEARCH_USER_PATHS = NO;
				DEBUG_INFORMATION_FORMAT = "dwarf-with-dsym";
				ENABLE_OPENMP_SUPPORT = YES;
				GCC_MODEL_TUNING = G5;
				HEADER_SEARCH_PATHS = /opt/local/include;
				INSTALL_PATH = /usr/local/bin;
				LIBRARY_SEARCH_PATHS = /opt/local/lib;
				OTHER_LDFLAGS = (
					"-lgsl",
					"-lgslcblas",
					"-lz",
				);
				PRODUCT_NAME = flip3d;
				VALID_ARCHS = x86_64;
			};
			name = Release;
		};
		1DEB928A08733DD80010E9CD /* Debug */ = {
			isa = XCBuildConfiguration;
			buildSettings = {
				ARCHS = "$(ARCHS_STANDARD_32_64_BIT)";
				ENABLE_OPENMP_SUPPORT = YES;
				GCC_C_LANGUAGE_STANDARD = gnu99;
				GCC_OPTIMIZATION_LEVEL = 0;
				GCC_WARN_ABOUT_RETURN_TYPE = YES;
				GCC_WARN_UNUSED_VARIABLE = YES;
				HEADER_SEARCH_PATHS = /opt/local/include;
				LIBRARY_SEARCH_PATHS = /opt/local/lib;
				ONLY_ACTIVE_ARCH = YES;
				SDKROOT = macosx;
				VALID_ARCHS = x86_64;
			};
			name = Debug;
		};
		1DEB928B08733DD80010E9CD /* Release */ = {
			isa = XCBuildConfiguration;
			buildSettings = {
				ARCHS = "$(ARCHS_STANDARD_32_64_BIT)";
				ENABLE_OPENMP_SUPPORT = YES;
				GCC_C_LANGUAGE_STANDARD = gnu99;
				GCC_WARN_ABOUT_RETURN_TYPE = YES;
				GCC_WARN_UNUSED_VARIABLE = YES;
				HEADER_SEARCH_PATHS = /opt/local/include;
				LIBRARY_SEARCH_PATHS = /opt/local/lib;
				SDKROOT = macosx;
				VALID_ARCHS = x86_64;
			};
			name = Release;
		};
/* End XCBuildConfiguration section */

/* Begin XCConfigurationList section */
		1DEB928508733DD80010E9CD /* Build configuration list for PBXNativeTarget "flip3d" */ = {
			isa = XCConfigurationList;
			buildConfigurations = (
				1DEB928608733DD80010E9CD /* Debug */,
				1DEB928708733DD80010E9CD /* Release */,
			);
			defaultConfigurationIsVisible = 0;
			defaultConfigurationName = Release;
		};
		1DEB928908733DD80010E9CD /* Build configuration list for PBXProject "flip3d" */ = {
			isa = XCConfigurationList;
			buildConfigurations = (
				1DEB928A08733DD80010E9CD /* Debug */,
				1DEB928B08733DD80010E9CD /* Release */,
			);
			defaultConfigurationIsVisible = 0;
			defaultConfigurationName = Release;
		};
/* End XCConfigurationList section */
	};
	rootObject = 08FB7793FE84155DC02AAC07 /* Project object */;
}
